// !$*UTF8*$!
{
	archiveVersion = 1;
	classes = {
	};
	objectVersion = 46;
	objects = {

/* Begin PBXBuildFile section */
		2B170C8E1B23453B007F2D56 /* DK Black Bamboo.ttf in Resources */ = {isa = PBXBuildFile; fileRef = 2B170C8D1B23440C007F2D56 /* DK Black Bamboo.ttf */; };
		2B170C8F1B23453B007F2D56 /* MNS_TRIAL.otf in Resources */ = {isa = PBXBuildFile; fileRef = 2B170C8B1B233DB3007F2D56 /* MNS_TRIAL.otf */; };
		2B170C901B23453B007F2D56 /* MNS_TRIAL.ttf in Resources */ = {isa = PBXBuildFile; fileRef = 2B170C8C1B233DB3007F2D56 /* MNS_TRIAL.ttf */; };
		2B227D401B236A060061F6C9 /* InfoChallenge.swift in Sources */ = {isa = PBXBuildFile; fileRef = 2B227D3F1B236A060061F6C9 /* InfoChallenge.swift */; };
		2B227D421B2390180061F6C9 /* ConceptViewController.swift in Sources */ = {isa = PBXBuildFile; fileRef = 2B227D411B2390180061F6C9 /* ConceptViewController.swift */; };
		2B227D441B2447840061F6C9 /* Challenge1ViewController.swift in Sources */ = {isa = PBXBuildFile; fileRef = 2B227D431B2447840061F6C9 /* Challenge1ViewController.swift */; };
		2B227D7E1B244CF30061F6C9 /* Alamofire-master in Resources */ = {isa = PBXBuildFile; fileRef = 2B227D7D1B244CF30061F6C9 /* Alamofire-master */; };
		2B227D901B244D370061F6C9 /* Alamofire.framework in Frameworks */ = {isa = PBXBuildFile; fileRef = 2B227D871B244D140061F6C9 /* Alamofire.framework */; };
		2B227D911B244D370061F6C9 /* Alamofire.framework in Embed Frameworks */ = {isa = PBXBuildFile; fileRef = 2B227D871B244D140061F6C9 /* Alamofire.framework */; settings = {ATTRIBUTES = (CodeSignOnCopy, RemoveHeadersOnCopy, ); }; };
		2B227D961B244D9C0061F6C9 /* Challenge1View.swift in Sources */ = {isa = PBXBuildFile; fileRef = 2B227D951B244D9C0061F6C9 /* Challenge1View.swift */; };
		2B227D981B244DC80061F6C9 /* CoreLocation.framework in Frameworks */ = {isa = PBXBuildFile; fileRef = 2B227D971B244DC80061F6C9 /* CoreLocation.framework */; };
		2B227D9A1B244EB60061F6C9 /* SwiftyJSON.swift in Sources */ = {isa = PBXBuildFile; fileRef = 2B227D991B244EB60061F6C9 /* SwiftyJSON.swift */; };
		2B227D9C1B244F0B0061F6C9 /* Reachability.swift in Sources */ = {isa = PBXBuildFile; fileRef = 2B227D9B1B244F0B0061F6C9 /* Reachability.swift */; };
		2B227DA01B2482090061F6C9 /* UsersData.swift in Sources */ = {isa = PBXBuildFile; fileRef = 2B227D9F1B2482090061F6C9 /* UsersData.swift */; };
		2B227DA21B2482150061F6C9 /* SavedUser.swift in Sources */ = {isa = PBXBuildFile; fileRef = 2B227DA11B2482150061F6C9 /* SavedUser.swift */; };
		2B5921B91B174361004AD2CB /* UserInfoViewController.swift in Sources */ = {isa = PBXBuildFile; fileRef = 2B5921B81B174361004AD2CB /* UserInfoViewController.swift */; };
		2B6074341B1A357800548B9B /* TopBarLabel.swift in Sources */ = {isa = PBXBuildFile; fileRef = 2B6074331B1A357800548B9B /* TopBarLabel.swift */; };
		2B6074391B1A6BD300548B9B /* pageButton.swift in Sources */ = {isa = PBXBuildFile; fileRef = 2B6074381B1A6BD300548B9B /* pageButton.swift */; };
		2B6C47711B18883B00A950C2 /* NavViewController.swift in Sources */ = {isa = PBXBuildFile; fileRef = 2B6C47701B18883B00A950C2 /* NavViewController.swift */; };
		2BA9266B1B234ED300824715 /* ConceptView.swift in Sources */ = {isa = PBXBuildFile; fileRef = 2BA9266A1B234ED300824715 /* ConceptView.swift */; };
		2BC22FF01B232B2500D7A9D5 /* TitelAndSub.swift in Sources */ = {isa = PBXBuildFile; fileRef = 2BC22FEF1B232B2500D7A9D5 /* TitelAndSub.swift */; };
		2BC240461B172B4400F1A78B /* AppDelegate.swift in Sources */ = {isa = PBXBuildFile; fileRef = 2BC240451B172B4400F1A78B /* AppDelegate.swift */; };
		2BC240481B172B4400F1A78B /* ViewController.swift in Sources */ = {isa = PBXBuildFile; fileRef = 2BC240471B172B4400F1A78B /* ViewController.swift */; };
		2BC2404A1B172B4400F1A78B /* Images.xcassets in Resources */ = {isa = PBXBuildFile; fileRef = 2BC240491B172B4400F1A78B /* Images.xcassets */; };
		2BC2404D1B172B4400F1A78B /* LaunchScreen.xib in Resources */ = {isa = PBXBuildFile; fileRef = 2BC2404B1B172B4400F1A78B /* LaunchScreen.xib */; };
		2BC240591B172B4500F1A78B /* BadgetTests.swift in Sources */ = {isa = PBXBuildFile; fileRef = 2BC240581B172B4500F1A78B /* BadgetTests.swift */; };
		2BC240631B1730F000F1A78B /* UserInfoView.swift in Sources */ = {isa = PBXBuildFile; fileRef = 2BC240621B1730F000F1A78B /* UserInfoView.swift */; };
/* End PBXBuildFile section */

/* Begin PBXContainerItemProxy section */
		2B227D861B244D140061F6C9 /* PBXContainerItemProxy */ = {
			isa = PBXContainerItemProxy;
			containerPortal = 2B227D7F1B244D140061F6C9 /* Alamofire.xcodeproj */;
			proxyType = 2;
			remoteGlobalIDString = F8111E3319A95C8B0040E7D1;
			remoteInfo = "Alamofire iOS";
		};
		2B227D881B244D140061F6C9 /* PBXContainerItemProxy */ = {
			isa = PBXContainerItemProxy;
			containerPortal = 2B227D7F1B244D140061F6C9 /* Alamofire.xcodeproj */;
			proxyType = 2;
			remoteGlobalIDString = 4DD67C0B1A5C55C900ED2280;
			remoteInfo = "Alamofire OSX";
		};
		2B227D8A1B244D140061F6C9 /* PBXContainerItemProxy */ = {
			isa = PBXContainerItemProxy;
			containerPortal = 2B227D7F1B244D140061F6C9 /* Alamofire.xcodeproj */;
			proxyType = 2;
			remoteGlobalIDString = F8111E3E19A95C8B0040E7D1;
			remoteInfo = "Alamofire iOS Tests";
		};
		2B227D8C1B244D140061F6C9 /* PBXContainerItemProxy */ = {
			isa = PBXContainerItemProxy;
			containerPortal = 2B227D7F1B244D140061F6C9 /* Alamofire.xcodeproj */;
			proxyType = 2;
			remoteGlobalIDString = F829C6B21A7A94F100A2CD59;
			remoteInfo = "Alamofire OSX Tests";
		};
		2B227D921B244D370061F6C9 /* PBXContainerItemProxy */ = {
			isa = PBXContainerItemProxy;
			containerPortal = 2B227D7F1B244D140061F6C9 /* Alamofire.xcodeproj */;
			proxyType = 1;
			remoteGlobalIDString = F8111E3219A95C8B0040E7D1;
			remoteInfo = "Alamofire iOS";
		};
		2BC240531B172B4500F1A78B /* PBXContainerItemProxy */ = {
			isa = PBXContainerItemProxy;
			containerPortal = 2BC240381B172B4400F1A78B /* Project object */;
			proxyType = 1;
			remoteGlobalIDString = 2BC2403F1B172B4400F1A78B;
			remoteInfo = Badget;
		};
/* End PBXContainerItemProxy section */

/* Begin PBXCopyFilesBuildPhase section */
		2B227D941B244D370061F6C9 /* Embed Frameworks */ = {
			isa = PBXCopyFilesBuildPhase;
			buildActionMask = 2147483647;
			dstPath = "";
			dstSubfolderSpec = 10;
			files = (
				2B227D911B244D370061F6C9 /* Alamofire.framework in Embed Frameworks */,
			);
			name = "Embed Frameworks";
			runOnlyForDeploymentPostprocessing = 0;
		};
/* End PBXCopyFilesBuildPhase section */

/* Begin PBXFileReference section */
		2B170C8B1B233DB3007F2D56 /* MNS_TRIAL.otf */ = {isa = PBXFileReference; lastKnownFileType = file; path = MNS_TRIAL.otf; sourceTree = "<group>"; };
		2B170C8C1B233DB3007F2D56 /* MNS_TRIAL.ttf */ = {isa = PBXFileReference; lastKnownFileType = file; path = MNS_TRIAL.ttf; sourceTree = "<group>"; };
		2B170C8D1B23440C007F2D56 /* DK Black Bamboo.ttf */ = {isa = PBXFileReference; lastKnownFileType = file; name = "DK Black Bamboo.ttf"; path = "../../../../../Downloads/dk_black_bamboo/DK Black Bamboo.ttf"; sourceTree = "<group>"; };
		2B227D3F1B236A060061F6C9 /* InfoChallenge.swift */ = {isa = PBXFileReference; fileEncoding = 4; lastKnownFileType = sourcecode.swift; path = InfoChallenge.swift; sourceTree = "<group>"; };
		2B227D411B2390180061F6C9 /* ConceptViewController.swift */ = {isa = PBXFileReference; fileEncoding = 4; lastKnownFileType = sourcecode.swift; path = ConceptViewController.swift; sourceTree = "<group>"; };
		2B227D431B2447840061F6C9 /* Challenge1ViewController.swift */ = {isa = PBXFileReference; fileEncoding = 4; lastKnownFileType = sourcecode.swift; path = Challenge1ViewController.swift; sourceTree = "<group>"; };
		2B227D7D1B244CF30061F6C9 /* Alamofire-master */ = {isa = PBXFileReference; lastKnownFileType = folder; name = "Alamofire-master"; path = "Alamofire/Alamofire-master"; sourceTree = "<group>"; };
		2B227D7F1B244D140061F6C9 /* Alamofire.xcodeproj */ = {isa = PBXFileReference; lastKnownFileType = "wrapper.pb-project"; name = Alamofire.xcodeproj; path = "../../../NATIVE/Alamofire-master/Alamofire.xcodeproj"; sourceTree = "<group>"; };
		2B227D951B244D9C0061F6C9 /* Challenge1View.swift */ = {isa = PBXFileReference; fileEncoding = 4; lastKnownFileType = sourcecode.swift; path = Challenge1View.swift; sourceTree = "<group>"; };
		2B227D971B244DC80061F6C9 /* CoreLocation.framework */ = {isa = PBXFileReference; lastKnownFileType = wrapper.framework; name = CoreLocation.framework; path = System/Library/Frameworks/CoreLocation.framework; sourceTree = SDKROOT; };
		2B227D991B244EB60061F6C9 /* SwiftyJSON.swift */ = {isa = PBXFileReference; fileEncoding = 4; lastKnownFileType = sourcecode.swift; path = SwiftyJSON.swift; sourceTree = "<group>"; };
		2B227D9B1B244F0B0061F6C9 /* Reachability.swift */ = {isa = PBXFileReference; fileEncoding = 4; lastKnownFileType = sourcecode.swift; path = Reachability.swift; sourceTree = "<group>"; };
		2B227D9F1B2482090061F6C9 /* UsersData.swift */ = {isa = PBXFileReference; fileEncoding = 4; lastKnownFileType = sourcecode.swift; path = UsersData.swift; sourceTree = "<group>"; };
		2B227DA11B2482150061F6C9 /* SavedUser.swift */ = {isa = PBXFileReference; fileEncoding = 4; lastKnownFileType = sourcecode.swift; path = SavedUser.swift; sourceTree = "<group>"; };
		2B5921B81B174361004AD2CB /* UserInfoViewController.swift */ = {isa = PBXFileReference; fileEncoding = 4; lastKnownFileType = sourcecode.swift; path = UserInfoViewController.swift; sourceTree = "<group>"; };
		2B6074331B1A357800548B9B /* TopBarLabel.swift */ = {isa = PBXFileReference; fileEncoding = 4; lastKnownFileType = sourcecode.swift; path = TopBarLabel.swift; sourceTree = "<group>"; };
		2B6074351B1A45D200548B9B /* Avenir Next.ttc */ = {isa = PBXFileReference; lastKnownFileType = file; path = "Avenir Next.ttc"; sourceTree = "<group>"; };
		2B6074381B1A6BD300548B9B /* pageButton.swift */ = {isa = PBXFileReference; fileEncoding = 4; lastKnownFileType = sourcecode.swift; path = pageButton.swift; sourceTree = "<group>"; };
		2B6C47701B18883B00A950C2 /* NavViewController.swift */ = {isa = PBXFileReference; fileEncoding = 4; lastKnownFileType = sourcecode.swift; path = NavViewController.swift; sourceTree = "<group>"; };
		2BA9266A1B234ED300824715 /* ConceptView.swift */ = {isa = PBXFileReference; fileEncoding = 4; lastKnownFileType = sourcecode.swift; path = ConceptView.swift; sourceTree = "<group>"; };
		2BC22FEF1B232B2500D7A9D5 /* TitelAndSub.swift */ = {isa = PBXFileReference; fileEncoding = 4; lastKnownFileType = sourcecode.swift; path = TitelAndSub.swift; sourceTree = "<group>"; };
		2BC240401B172B4400F1A78B /* Badget.app */ = {isa = PBXFileReference; explicitFileType = wrapper.application; includeInIndex = 0; path = Badget.app; sourceTree = BUILT_PRODUCTS_DIR; };
		2BC240441B172B4400F1A78B /* Info.plist */ = {isa = PBXFileReference; lastKnownFileType = text.plist.xml; path = Info.plist; sourceTree = "<group>"; };
		2BC240451B172B4400F1A78B /* AppDelegate.swift */ = {isa = PBXFileReference; lastKnownFileType = sourcecode.swift; path = AppDelegate.swift; sourceTree = "<group>"; };
		2BC240471B172B4400F1A78B /* ViewController.swift */ = {isa = PBXFileReference; lastKnownFileType = sourcecode.swift; path = ViewController.swift; sourceTree = "<group>"; };
		2BC240491B172B4400F1A78B /* Images.xcassets */ = {isa = PBXFileReference; lastKnownFileType = folder.assetcatalog; path = Images.xcassets; sourceTree = "<group>"; };
		2BC2404C1B172B4400F1A78B /* Base */ = {isa = PBXFileReference; lastKnownFileType = file.xib; name = Base; path = Base.lproj/LaunchScreen.xib; sourceTree = "<group>"; };
		2BC240521B172B4500F1A78B /* BadgetTests.xctest */ = {isa = PBXFileReference; explicitFileType = wrapper.cfbundle; includeInIndex = 0; path = BadgetTests.xctest; sourceTree = BUILT_PRODUCTS_DIR; };
		2BC240571B172B4500F1A78B /* Info.plist */ = {isa = PBXFileReference; lastKnownFileType = text.plist.xml; path = Info.plist; sourceTree = "<group>"; };
		2BC240581B172B4500F1A78B /* BadgetTests.swift */ = {isa = PBXFileReference; lastKnownFileType = sourcecode.swift; path = BadgetTests.swift; sourceTree = "<group>"; };
		2BC240621B1730F000F1A78B /* UserInfoView.swift */ = {isa = PBXFileReference; fileEncoding = 4; lastKnownFileType = sourcecode.swift; path = UserInfoView.swift; sourceTree = "<group>"; };
/* End PBXFileReference section */

/* Begin PBXFrameworksBuildPhase section */
		2BC2403D1B172B4400F1A78B /* Frameworks */ = {
			isa = PBXFrameworksBuildPhase;
			buildActionMask = 2147483647;
			files = (
				2B227D981B244DC80061F6C9 /* CoreLocation.framework in Frameworks */,
				2B227D901B244D370061F6C9 /* Alamofire.framework in Frameworks */,
			);
			runOnlyForDeploymentPostprocessing = 0;
		};
		2BC2404F1B172B4500F1A78B /* Frameworks */ = {
			isa = PBXFrameworksBuildPhase;
			buildActionMask = 2147483647;
			files = (
			);
			runOnlyForDeploymentPostprocessing = 0;
		};
/* End PBXFrameworksBuildPhase section */

/* Begin PBXGroup section */
		2B227D801B244D140061F6C9 /* Products */ = {
			isa = PBXGroup;
			children = (
				2B227D871B244D140061F6C9 /* Alamofire.framework */,
				2B227D891B244D140061F6C9 /* Alamofire.framework */,
				2B227D8B1B244D140061F6C9 /* Alamofire iOS Tests.xctest */,
				2B227D8D1B244D140061F6C9 /* Alamofire OSX Tests.xctest */,
			);
			name = Products;
			sourceTree = "<group>";
		};
		2BC240371B172B4400F1A78B = {
			isa = PBXGroup;
			children = (
				2B227D971B244DC80061F6C9 /* CoreLocation.framework */,
				2B227D7F1B244D140061F6C9 /* Alamofire.xcodeproj */,
				2B227D7D1B244CF30061F6C9 /* Alamofire-master */,
				2BC240421B172B4400F1A78B /* Badget */,
				2BC240551B172B4500F1A78B /* BadgetTests */,
				2BC240411B172B4400F1A78B /* Products */,
			);
			sourceTree = "<group>";
		};
		2BC240411B172B4400F1A78B /* Products */ = {
			isa = PBXGroup;
			children = (
				2BC240401B172B4400F1A78B /* Badget.app */,
				2BC240521B172B4500F1A78B /* BadgetTests.xctest */,
			);
			name = Products;
			sourceTree = "<group>";
		};
		2BC240421B172B4400F1A78B /* Badget */ = {
			isa = PBXGroup;
			children = (
				2B6074351B1A45D200548B9B /* Avenir Next.ttc */,
				2B170C8D1B23440C007F2D56 /* DK Black Bamboo.ttf */,
				2B170C8B1B233DB3007F2D56 /* MNS_TRIAL.otf */,
				2B170C8C1B233DB3007F2D56 /* MNS_TRIAL.ttf */,
				2BC240451B172B4400F1A78B /* AppDelegate.swift */,
				2BC240471B172B4400F1A78B /* ViewController.swift */,
				2B227D411B2390180061F6C9 /* ConceptViewController.swift */,
				2B227D431B2447840061F6C9 /* Challenge1ViewController.swift */,
				2B227D951B244D9C0061F6C9 /* Challenge1View.swift */,
				2B227D9F1B2482090061F6C9 /* UsersData.swift */,
				2B227DA11B2482150061F6C9 /* SavedUser.swift */,
				2BA9266A1B234ED300824715 /* ConceptView.swift */,
				2BC22FEF1B232B2500D7A9D5 /* TitelAndSub.swift */,
				2B6074381B1A6BD300548B9B /* pageButton.swift */,
				2B227D3F1B236A060061F6C9 /* InfoChallenge.swift */,
				2B6C47701B18883B00A950C2 /* NavViewController.swift */,
				2B5921B81B174361004AD2CB /* UserInfoViewController.swift */,
				2BC240621B1730F000F1A78B /* UserInfoView.swift */,
				2B227D9B1B244F0B0061F6C9 /* Reachability.swift */,
				2B227D991B244EB60061F6C9 /* SwiftyJSON.swift */,
				2B6074331B1A357800548B9B /* TopBarLabel.swift */,
				2BC240491B172B4400F1A78B /* Images.xcassets */,
				2BC2404B1B172B4400F1A78B /* LaunchScreen.xib */,
				2BC240431B172B4400F1A78B /* Supporting Files */,
			);
			path = Badget;
			sourceTree = "<group>";
		};
		2BC240431B172B4400F1A78B /* Supporting Files */ = {
			isa = PBXGroup;
			children = (
				2BC240441B172B4400F1A78B /* Info.plist */,
			);
			name = "Supporting Files";
			sourceTree = "<group>";
		};
		2BC240551B172B4500F1A78B /* BadgetTests */ = {
			isa = PBXGroup;
			children = (
				2BC240581B172B4500F1A78B /* BadgetTests.swift */,
				2BC240561B172B4500F1A78B /* Supporting Files */,
			);
			path = BadgetTests;
			sourceTree = "<group>";
		};
		2BC240561B172B4500F1A78B /* Supporting Files */ = {
			isa = PBXGroup;
			children = (
				2BC240571B172B4500F1A78B /* Info.plist */,
			);
			name = "Supporting Files";
			sourceTree = "<group>";
		};
/* End PBXGroup section */

/* Begin PBXNativeTarget section */
		2BC2403F1B172B4400F1A78B /* Badget */ = {
			isa = PBXNativeTarget;
			buildConfigurationList = 2BC2405C1B172B4500F1A78B /* Build configuration list for PBXNativeTarget "Badget" */;
			buildPhases = (
				2BC2403C1B172B4400F1A78B /* Sources */,
				2BC2403D1B172B4400F1A78B /* Frameworks */,
				2BC2403E1B172B4400F1A78B /* Resources */,
				2B227D941B244D370061F6C9 /* Embed Frameworks */,
			);
			buildRules = (
			);
			dependencies = (
				2B227D931B244D370061F6C9 /* PBXTargetDependency */,
			);
			name = Badget;
			productName = Badget;
			productReference = 2BC240401B172B4400F1A78B /* Badget.app */;
			productType = "com.apple.product-type.application";
		};
		2BC240511B172B4500F1A78B /* BadgetTests */ = {
			isa = PBXNativeTarget;
			buildConfigurationList = 2BC2405F1B172B4500F1A78B /* Build configuration list for PBXNativeTarget "BadgetTests" */;
			buildPhases = (
				2BC2404E1B172B4500F1A78B /* Sources */,
				2BC2404F1B172B4500F1A78B /* Frameworks */,
				2BC240501B172B4500F1A78B /* Resources */,
			);
			buildRules = (
			);
			dependencies = (
				2BC240541B172B4500F1A78B /* PBXTargetDependency */,
			);
			name = BadgetTests;
			productName = BadgetTests;
			productReference = 2BC240521B172B4500F1A78B /* BadgetTests.xctest */;
			productType = "com.apple.product-type.bundle.unit-test";
		};
/* End PBXNativeTarget section */

/* Begin PBXProject section */
		2BC240381B172B4400F1A78B /* Project object */ = {
			isa = PBXProject;
			attributes = {
				LastUpgradeCheck = 0630;
				ORGANIZATIONNAME = "Cilia Vandenameele";
				TargetAttributes = {
					2BC2403F1B172B4400F1A78B = {
						CreatedOnToolsVersion = 6.3.1;
					};
					2BC240511B172B4500F1A78B = {
						CreatedOnToolsVersion = 6.3.1;
						TestTargetID = 2BC2403F1B172B4400F1A78B;
					};
				};
			};
			buildConfigurationList = 2BC2403B1B172B4400F1A78B /* Build configuration list for PBXProject "Badget" */;
			compatibilityVersion = "Xcode 3.2";
			developmentRegion = English;
			hasScannedForEncodings = 0;
			knownRegions = (
				en,
				Base,
			);
			mainGroup = 2BC240371B172B4400F1A78B;
			productRefGroup = 2BC240411B172B4400F1A78B /* Products */;
			projectDirPath = "";
			projectReferences = (
				{
					ProductGroup = 2B227D801B244D140061F6C9 /* Products */;
					ProjectRef = 2B227D7F1B244D140061F6C9 /* Alamofire.xcodeproj */;
				},
			);
			projectRoot = "";
			targets = (
				2BC2403F1B172B4400F1A78B /* Badget */,
				2BC240511B172B4500F1A78B /* BadgetTests */,
			);
		};
/* End PBXProject section */

/* Begin PBXReferenceProxy section */
		2B227D871B244D140061F6C9 /* Alamofire.framework */ = {
			isa = PBXReferenceProxy;
			fileType = wrapper.framework;
			path = Alamofire.framework;
			remoteRef = 2B227D861B244D140061F6C9 /* PBXContainerItemProxy */;
			sourceTree = BUILT_PRODUCTS_DIR;
		};
		2B227D891B244D140061F6C9 /* Alamofire.framework */ = {
			isa = PBXReferenceProxy;
			fileType = wrapper.framework;
			path = Alamofire.framework;
			remoteRef = 2B227D881B244D140061F6C9 /* PBXContainerItemProxy */;
			sourceTree = BUILT_PRODUCTS_DIR;
		};
		2B227D8B1B244D140061F6C9 /* Alamofire iOS Tests.xctest */ = {
			isa = PBXReferenceProxy;
			fileType = wrapper.cfbundle;
			path = "Alamofire iOS Tests.xctest";
			remoteRef = 2B227D8A1B244D140061F6C9 /* PBXContainerItemProxy */;
			sourceTree = BUILT_PRODUCTS_DIR;
		};
		2B227D8D1B244D140061F6C9 /* Alamofire OSX Tests.xctest */ = {
			isa = PBXReferenceProxy;
			fileType = wrapper.cfbundle;
			path = "Alamofire OSX Tests.xctest";
			remoteRef = 2B227D8C1B244D140061F6C9 /* PBXContainerItemProxy */;
			sourceTree = BUILT_PRODUCTS_DIR;
		};
/* End PBXReferenceProxy section */

/* Begin PBXResourcesBuildPhase section */
		2BC2403E1B172B4400F1A78B /* Resources */ = {
			isa = PBXResourcesBuildPhase;
			buildActionMask = 2147483647;
			files = (
				2B170C8E1B23453B007F2D56 /* DK Black Bamboo.ttf in Resources */,
				2B170C8F1B23453B007F2D56 /* MNS_TRIAL.otf in Resources */,
				2B170C901B23453B007F2D56 /* MNS_TRIAL.ttf in Resources */,
				2B227D7E1B244CF30061F6C9 /* Alamofire-master in Resources */,
				2BC2404D1B172B4400F1A78B /* LaunchScreen.xib in Resources */,
				2BC2404A1B172B4400F1A78B /* Images.xcassets in Resources */,
			);
			runOnlyForDeploymentPostprocessing = 0;
		};
		2BC240501B172B4500F1A78B /* Resources */ = {
			isa = PBXResourcesBuildPhase;
			buildActionMask = 2147483647;
			files = (
			);
			runOnlyForDeploymentPostprocessing = 0;
		};
/* End PBXResourcesBuildPhase section */

/* Begin PBXSourcesBuildPhase section */
		2BC2403C1B172B4400F1A78B /* Sources */ = {
			isa = PBXSourcesBuildPhase;
			buildActionMask = 2147483647;
			files = (
				2BC240631B1730F000F1A78B /* UserInfoView.swift in Sources */,
				2BA9266B1B234ED300824715 /* ConceptView.swift in Sources */,
				2B6C47711B18883B00A950C2 /* NavViewController.swift in Sources */,
				2B227D9A1B244EB60061F6C9 /* SwiftyJSON.swift in Sources */,
				2B227D401B236A060061F6C9 /* InfoChallenge.swift in Sources */,
				2B227D961B244D9C0061F6C9 /* Challenge1View.swift in Sources */,
				2B227DA01B2482090061F6C9 /* UsersData.swift in Sources */,
				2BC240481B172B4400F1A78B /* ViewController.swift in Sources */,
				2B5921B91B174361004AD2CB /* UserInfoViewController.swift in Sources */,
				2B227DA21B2482150061F6C9 /* SavedUser.swift in Sources */,
				2B6074391B1A6BD300548B9B /* pageButton.swift in Sources */,
				2B6074341B1A357800548B9B /* TopBarLabel.swift in Sources */,
				2BC240461B172B4400F1A78B /* AppDelegate.swift in Sources */,
				2B227D421B2390180061F6C9 /* ConceptViewController.swift in Sources */,
				2B227D441B2447840061F6C9 /* Challenge1ViewController.swift in Sources */,
				2B227D9C1B244F0B0061F6C9 /* Reachability.swift in Sources */,
				2BC22FF01B232B2500D7A9D5 /* TitelAndSub.swift in Sources */,
			);
			runOnlyForDeploymentPostprocessing = 0;
		};
		2BC2404E1B172B4500F1A78B /* Sources */ = {
			isa = PBXSourcesBuildPhase;
			buildActionMask = 2147483647;
			files = (
				2BC240591B172B4500F1A78B /* BadgetTests.swift in Sources */,
			);
			runOnlyForDeploymentPostprocessing = 0;
		};
/* End PBXSourcesBuildPhase section */

/* Begin PBXTargetDependency section */
		2B227D931B244D370061F6C9 /* PBXTargetDependency */ = {
			isa = PBXTargetDependency;
			name = "Alamofire iOS";
			targetProxy = 2B227D921B244D370061F6C9 /* PBXContainerItemProxy */;
		};
		2BC240541B172B4500F1A78B /* PBXTargetDependency */ = {
			isa = PBXTargetDependency;
			target = 2BC2403F1B172B4400F1A78B /* Badget */;
			targetProxy = 2BC240531B172B4500F1A78B /* PBXContainerItemProxy */;
		};
/* End PBXTargetDependency section */

/* Begin PBXVariantGroup section */
		2BC2404B1B172B4400F1A78B /* LaunchScreen.xib */ = {
			isa = PBXVariantGroup;
			children = (
				2BC2404C1B172B4400F1A78B /* Base */,
			);
			name = LaunchScreen.xib;
			sourceTree = "<group>";
		};
/* End PBXVariantGroup section */

/* Begin XCBuildConfiguration section */
		2BC2405A1B172B4500F1A78B /* Debug */ = {
			isa = XCBuildConfiguration;
			buildSettings = {
				ALWAYS_SEARCH_USER_PATHS = NO;
				CLANG_CXX_LANGUAGE_STANDARD = "gnu++0x";
				CLANG_CXX_LIBRARY = "libc++";
				CLANG_ENABLE_MODULES = YES;
				CLANG_ENABLE_OBJC_ARC = YES;
				CLANG_WARN_BOOL_CONVERSION = YES;
				CLANG_WARN_CONSTANT_CONVERSION = YES;
				CLANG_WARN_DIRECT_OBJC_ISA_USAGE = YES_ERROR;
				CLANG_WARN_EMPTY_BODY = YES;
				CLANG_WARN_ENUM_CONVERSION = YES;
				CLANG_WARN_INT_CONVERSION = YES;
				CLANG_WARN_OBJC_ROOT_CLASS = YES_ERROR;
				CLANG_WARN_UNREACHABLE_CODE = YES;
				CLANG_WARN__DUPLICATE_METHOD_MATCH = YES;
				"CODE_SIGN_IDENTITY[sdk=iphoneos*]" = "iPhone Developer";
				COPY_PHASE_STRIP = NO;
				DEBUG_INFORMATION_FORMAT = "dwarf-with-dsym";
				ENABLE_STRICT_OBJC_MSGSEND = YES;
				GCC_C_LANGUAGE_STANDARD = gnu99;
				GCC_DYNAMIC_NO_PIC = NO;
				GCC_NO_COMMON_BLOCKS = YES;
				GCC_OPTIMIZATION_LEVEL = 0;
				GCC_PREPROCESSOR_DEFINITIONS = (
					"DEBUG=1",
					"$(inherited)",
				);
				GCC_SYMBOLS_PRIVATE_EXTERN = NO;
				GCC_WARN_64_TO_32_BIT_CONVERSION = YES;
				GCC_WARN_ABOUT_RETURN_TYPE = YES_ERROR;
				GCC_WARN_UNDECLARED_SELECTOR = YES;
				GCC_WARN_UNINITIALIZED_AUTOS = YES_AGGRESSIVE;
				GCC_WARN_UNUSED_FUNCTION = YES;
				GCC_WARN_UNUSED_VARIABLE = YES;
				IPHONEOS_DEPLOYMENT_TARGET = 8.3;
				MTL_ENABLE_DEBUG_INFO = YES;
				ONLY_ACTIVE_ARCH = YES;
				SDKROOT = iphoneos;
				SWIFT_OPTIMIZATION_LEVEL = "-Onone";
			};
			name = Debug;
		};
		2BC2405B1B172B4500F1A78B /* Release */ = {
			isa = XCBuildConfiguration;
			buildSettings = {
				ALWAYS_SEARCH_USER_PATHS = NO;
				CLANG_CXX_LANGUAGE_STANDARD = "gnu++0x";
				CLANG_CXX_LIBRARY = "libc++";
				CLANG_ENABLE_MODULES = YES;
				CLANG_ENABLE_OBJC_ARC = YES;
				CLANG_WARN_BOOL_CONVERSION = YES;
				CLANG_WARN_CONSTANT_CONVERSION = YES;
				CLANG_WARN_DIRECT_OBJC_ISA_USAGE = YES_ERROR;
				CLANG_WARN_EMPTY_BODY = YES;
				CLANG_WARN_ENUM_CONVERSION = YES;
				CLANG_WARN_INT_CONVERSION = YES;
				CLANG_WARN_OBJC_ROOT_CLASS = YES_ERROR;
				CLANG_WARN_UNREACHABLE_CODE = YES;
				CLANG_WARN__DUPLICATE_METHOD_MATCH = YES;
				"CODE_SIGN_IDENTITY[sdk=iphoneos*]" = "iPhone Developer";
				COPY_PHASE_STRIP = NO;
				DEBUG_INFORMATION_FORMAT = "dwarf-with-dsym";
				ENABLE_NS_ASSERTIONS = NO;
				ENABLE_STRICT_OBJC_MSGSEND = YES;
				GCC_C_LANGUAGE_STANDARD = gnu99;
				GCC_NO_COMMON_BLOCKS = YES;
				GCC_WARN_64_TO_32_BIT_CONVERSION = YES;
				GCC_WARN_ABOUT_RETURN_TYPE = YES_ERROR;
				GCC_WARN_UNDECLARED_SELECTOR = YES;
				GCC_WARN_UNINITIALIZED_AUTOS = YES_AGGRESSIVE;
				GCC_WARN_UNUSED_FUNCTION = YES;
				GCC_WARN_UNUSED_VARIABLE = YES;
				IPHONEOS_DEPLOYMENT_TARGET = 8.3;
				MTL_ENABLE_DEBUG_INFO = NO;
				SDKROOT = iphoneos;
				VALIDATE_PRODUCT = YES;
			};
			name = Release;
		};
		2BC2405D1B172B4500F1A78B /* Debug */ = {
			isa = XCBuildConfiguration;
			buildSettings = {
				ASSETCATALOG_COMPILER_APPICON_NAME = AppIcon;
				FRAMEWORK_SEARCH_PATHS = (
					"$(inherited)",
					"$(PROJECT_DIR)/Alamofire/Alamofire-master/build/Debug-iphoneos",
				);
				INFOPLIST_FILE = Badget/Info.plist;
				LD_RUNPATH_SEARCH_PATHS = "$(inherited) @executable_path/Frameworks";
				PRODUCT_NAME = "$(TARGET_NAME)";
			};
			name = Debug;
		};
		2BC2405E1B172B4500F1A78B /* Release */ = {
			isa = XCBuildConfiguration;
			buildSettings = {
				ASSETCATALOG_COMPILER_APPICON_NAME = AppIcon;
				FRAMEWORK_SEARCH_PATHS = (
					"$(inherited)",
					"$(PROJECT_DIR)/Alamofire/Alamofire-master/build/Debug-iphoneos",
				);
				INFOPLIST_FILE = Badget/Info.plist;
				LD_RUNPATH_SEARCH_PATHS = "$(inherited) @executable_path/Frameworks";
				PRODUCT_NAME = "$(TARGET_NAME)";
			};
			name = Release;
		};
		2BC240601B172B4500F1A78B /* Debug */ = {
			isa = XCBuildConfiguration;
			buildSettings = {
				BUNDLE_LOADER = "$(TEST_HOST)";
				FRAMEWORK_SEARCH_PATHS = (
					"$(SDKROOT)/Developer/Library/Frameworks",
					"$(inherited)",
				);
				GCC_PREPROCESSOR_DEFINITIONS = (
					"DEBUG=1",
					"$(inherited)",
				);
				INFOPLIST_FILE = BadgetTests/Info.plist;
				LD_RUNPATH_SEARCH_PATHS = "$(inherited) @executable_path/Frameworks @loader_path/Frameworks";
				PRODUCT_NAME = "$(TARGET_NAME)";
				TEST_HOST = "$(BUILT_PRODUCTS_DIR)/Badget.app/Badget";
			};
			name = Debug;
		};
		2BC240611B172B4500F1A78B /* Release */ = {
			isa = XCBuildConfiguration;
			buildSettings = {
				BUNDLE_LOADER = "$(TEST_HOST)";
				FRAMEWORK_SEARCH_PATHS = (
					"$(SDKROOT)/Developer/Library/Frameworks",
					"$(inherited)",
				);
				INFOPLIST_FILE = BadgetTests/Info.plist;
				LD_RUNPATH_SEARCH_PATHS = "$(inherited) @executable_path/Frameworks @loader_path/Frameworks";
				PRODUCT_NAME = "$(TARGET_NAME)";
				TEST_HOST = "$(BUILT_PRODUCTS_DIR)/Badget.app/Badget";
			};
			name = Release;
		};
/* End XCBuildConfiguration section */

/* Begin XCConfigurationList section */
		2BC2403B1B172B4400F1A78B /* Build configuration list for PBXProject "Badget" */ = {
			isa = XCConfigurationList;
			buildConfigurations = (
				2BC2405A1B172B4500F1A78B /* Debug */,
				2BC2405B1B172B4500F1A78B /* Release */,
			);
			defaultConfigurationIsVisible = 0;
			defaultConfigurationName = Release;
		};
		2BC2405C1B172B4500F1A78B /* Build configuration list for PBXNativeTarget "Badget" */ = {
			isa = XCConfigurationList;
			buildConfigurations = (
				2BC2405D1B172B4500F1A78B /* Debug */,
				2BC2405E1B172B4500F1A78B /* Release */,
			);
			defaultConfigurationIsVisible = 0;
			defaultConfigurationName = Release;
		};
		2BC2405F1B172B4500F1A78B /* Build configuration list for PBXNativeTarget "BadgetTests" */ = {
			isa = XCConfigurationList;
			buildConfigurations = (
				2BC240601B172B4500F1A78B /* Debug */,
				2BC240611B172B4500F1A78B /* Release */,
			);
			defaultConfigurationIsVisible = 0;
			defaultConfigurationName = Release;
		};
/* End XCConfigurationList section */
	};
	rootObject = 2BC240381B172B4400F1A78B /* Project object */;
}
