// !$*UTF8*$!
{
	archiveVersion = 1;
	classes = {
	};
	objectVersion = 46;
	objects = {

/* Begin PBXBuildFile section */
		736123CD1B2C992800879257 /* Images.xcassets in Resources */ = {isa = PBXBuildFile; fileRef = 736123CC1B2C992800879257 /* Images.xcassets */; };
		736123D01B2C992800879257 /* LaunchScreen.xib in Resources */ = {isa = PBXBuildFile; fileRef = 736123CE1B2C992800879257 /* LaunchScreen.xib */; };
		736123DC1B2C992800879257 /* Challenge2and3Tests.swift in Sources */ = {isa = PBXBuildFile; fileRef = 736123DB1B2C992800879257 /* Challenge2and3Tests.swift */; };
		736123E91B2C994000879257 /* AppDelegate.swift in Sources */ = {isa = PBXBuildFile; fileRef = 736123E51B2C994000879257 /* AppDelegate.swift */; };
		736123EA1B2C994000879257 /* C2IntroVC.swift in Sources */ = {isa = PBXBuildFile; fileRef = 736123E61B2C994000879257 /* C2IntroVC.swift */; };
		736123EB1B2C994000879257 /* C2UitlegVC.swift in Sources */ = {isa = PBXBuildFile; fileRef = 736123E71B2C994000879257 /* C2UitlegVC.swift */; };
		736123EC1B2C994000879257 /* Badge2VC.swift in Sources */ = {isa = PBXBuildFile; fileRef = 736123E81B2C994000879257 /* Badge2VC.swift */; };
		736123F51B2C998700879257 /* GSintroVC.swift in Sources */ = {isa = PBXBuildFile; fileRef = 736123ED1B2C998700879257 /* GSintroVC.swift */; };
		736123F61B2C998700879257 /* GScheckVC.swift in Sources */ = {isa = PBXBuildFile; fileRef = 736123EE1B2C998700879257 /* GScheckVC.swift */; };
		736123F71B2C998700879257 /* Badge3VC.swift in Sources */ = {isa = PBXBuildFile; fileRef = 736123EF1B2C998700879257 /* Badge3VC.swift */; };
		736123F81B2C998700879257 /* SRWebClient.swift in Sources */ = {isa = PBXBuildFile; fileRef = 736123F01B2C998700879257 /* SRWebClient.swift */; };
		736123F91B2C998700879257 /* TrakteerIntroVC.swift in Sources */ = {isa = PBXBuildFile; fileRef = 736123F11B2C998700879257 /* TrakteerIntroVC.swift */; };
		736123FA1B2C998700879257 /* TrakteerUitlegVC.swift in Sources */ = {isa = PBXBuildFile; fileRef = 736123F21B2C998700879257 /* TrakteerUitlegVC.swift */; };
		736123FB1B2C998700879257 /* TrakteerCheckVC.swift in Sources */ = {isa = PBXBuildFile; fileRef = 736123F31B2C998700879257 /* TrakteerCheckVC.swift */; };
		736123FC1B2C998700879257 /* TrakteerRandomVC.swift in Sources */ = {isa = PBXBuildFile; fileRef = 736123F41B2C998700879257 /* TrakteerRandomVC.swift */; };
/* End PBXBuildFile section */

/* Begin PBXContainerItemProxy section */
		736123D61B2C992800879257 /* PBXContainerItemProxy */ = {
			isa = PBXContainerItemProxy;
			containerPortal = 736123BD1B2C992800879257 /* Project object */;
			proxyType = 1;
			remoteGlobalIDString = 736123C41B2C992800879257;
			remoteInfo = Challenge2and3;
		};
/* End PBXContainerItemProxy section */

/* Begin PBXFileReference section */
		736123C51B2C992800879257 /* Challenge2and3.app */ = {isa = PBXFileReference; explicitFileType = wrapper.application; includeInIndex = 0; path = Challenge2and3.app; sourceTree = BUILT_PRODUCTS_DIR; };
		736123C91B2C992800879257 /* Info.plist */ = {isa = PBXFileReference; lastKnownFileType = text.plist.xml; path = Info.plist; sourceTree = "<group>"; };
		736123CC1B2C992800879257 /* Images.xcassets */ = {isa = PBXFileReference; lastKnownFileType = folder.assetcatalog; path = Images.xcassets; sourceTree = "<group>"; };
		736123CF1B2C992800879257 /* Base */ = {isa = PBXFileReference; lastKnownFileType = file.xib; name = Base; path = Base.lproj/LaunchScreen.xib; sourceTree = "<group>"; };
		736123D51B2C992800879257 /* Challenge2and3Tests.xctest */ = {isa = PBXFileReference; explicitFileType = wrapper.cfbundle; includeInIndex = 0; path = Challenge2and3Tests.xctest; sourceTree = BUILT_PRODUCTS_DIR; };
		736123DA1B2C992800879257 /* Info.plist */ = {isa = PBXFileReference; lastKnownFileType = text.plist.xml; path = Info.plist; sourceTree = "<group>"; };
		736123DB1B2C992800879257 /* Challenge2and3Tests.swift */ = {isa = PBXFileReference; lastKnownFileType = sourcecode.swift; path = Challenge2and3Tests.swift; sourceTree = "<group>"; };
		736123E51B2C994000879257 /* AppDelegate.swift */ = {isa = PBXFileReference; fileEncoding = 4; lastKnownFileType = sourcecode.swift; path = AppDelegate.swift; sourceTree = "<group>"; };
		736123E61B2C994000879257 /* C2IntroVC.swift */ = {isa = PBXFileReference; fileEncoding = 4; lastKnownFileType = sourcecode.swift; path = C2IntroVC.swift; sourceTree = "<group>"; };
		736123E71B2C994000879257 /* C2UitlegVC.swift */ = {isa = PBXFileReference; fileEncoding = 4; lastKnownFileType = sourcecode.swift; path = C2UitlegVC.swift; sourceTree = "<group>"; };
		736123E81B2C994000879257 /* Badge2VC.swift */ = {isa = PBXFileReference; fileEncoding = 4; lastKnownFileType = sourcecode.swift; path = Badge2VC.swift; sourceTree = "<group>"; };
		736123ED1B2C998700879257 /* GSintroVC.swift */ = {isa = PBXFileReference; fileEncoding = 4; lastKnownFileType = sourcecode.swift; path = GSintroVC.swift; sourceTree = "<group>"; };
		736123EE1B2C998700879257 /* GScheckVC.swift */ = {isa = PBXFileReference; fileEncoding = 4; lastKnownFileType = sourcecode.swift; path = GScheckVC.swift; sourceTree = "<group>"; };
		736123EF1B2C998700879257 /* Badge3VC.swift */ = {isa = PBXFileReference; fileEncoding = 4; lastKnownFileType = sourcecode.swift; path = Badge3VC.swift; sourceTree = "<group>"; };
		736123F01B2C998700879257 /* SRWebClient.swift */ = {isa = PBXFileReference; fileEncoding = 4; lastKnownFileType = sourcecode.swift; path = SRWebClient.swift; sourceTree = "<group>"; };
		736123F11B2C998700879257 /* TrakteerIntroVC.swift */ = {isa = PBXFileReference; fileEncoding = 4; lastKnownFileType = sourcecode.swift; path = TrakteerIntroVC.swift; sourceTree = "<group>"; };
		736123F21B2C998700879257 /* TrakteerUitlegVC.swift */ = {isa = PBXFileReference; fileEncoding = 4; lastKnownFileType = sourcecode.swift; path = TrakteerUitlegVC.swift; sourceTree = "<group>"; };
		736123F31B2C998700879257 /* TrakteerCheckVC.swift */ = {isa = PBXFileReference; fileEncoding = 4; lastKnownFileType = sourcecode.swift; path = TrakteerCheckVC.swift; sourceTree = "<group>"; };
		736123F41B2C998700879257 /* TrakteerRandomVC.swift */ = {isa = PBXFileReference; fileEncoding = 4; lastKnownFileType = sourcecode.swift; path = TrakteerRandomVC.swift; sourceTree = "<group>"; };
/* End PBXFileReference section */

/* Begin PBXFrameworksBuildPhase section */
		736123C21B2C992800879257 /* Frameworks */ = {
			isa = PBXFrameworksBuildPhase;
			buildActionMask = 2147483647;
			files = (
			);
			runOnlyForDeploymentPostprocessing = 0;
		};
		736123D21B2C992800879257 /* Frameworks */ = {
			isa = PBXFrameworksBuildPhase;
			buildActionMask = 2147483647;
			files = (
			);
			runOnlyForDeploymentPostprocessing = 0;
		};
/* End PBXFrameworksBuildPhase section */

/* Begin PBXGroup section */
		736123BC1B2C992800879257 = {
			isa = PBXGroup;
			children = (
				736123C71B2C992800879257 /* Challenge2and3 */,
				736123D81B2C992800879257 /* Challenge2and3Tests */,
				736123C61B2C992800879257 /* Products */,
			);
			sourceTree = "<group>";
		};
		736123C61B2C992800879257 /* Products */ = {
			isa = PBXGroup;
			children = (
				736123C51B2C992800879257 /* Challenge2and3.app */,
				736123D51B2C992800879257 /* Challenge2and3Tests.xctest */,
			);
			name = Products;
			sourceTree = "<group>";
		};
		736123C71B2C992800879257 /* Challenge2and3 */ = {
			isa = PBXGroup;
			children = (
				736123E51B2C994000879257 /* AppDelegate.swift */,
				736123E61B2C994000879257 /* C2IntroVC.swift */,
				736123E71B2C994000879257 /* C2UitlegVC.swift */,
				736123E81B2C994000879257 /* Badge2VC.swift */,
				736123ED1B2C998700879257 /* GSintroVC.swift */,
				736123EE1B2C998700879257 /* GScheckVC.swift */,
				736123EF1B2C998700879257 /* Badge3VC.swift */,
				736123F11B2C998700879257 /* TrakteerIntroVC.swift */,
				736123F21B2C998700879257 /* TrakteerUitlegVC.swift */,
				736123F31B2C998700879257 /* TrakteerCheckVC.swift */,
				736123F41B2C998700879257 /* TrakteerRandomVC.swift */,
				736123F01B2C998700879257 /* SRWebClient.swift */,
				736123CC1B2C992800879257 /* Images.xcassets */,
				736123CE1B2C992800879257 /* LaunchScreen.xib */,
				736123C81B2C992800879257 /* Supporting Files */,
			);
			path = Challenge2and3;
			sourceTree = "<group>";
		};
		736123C81B2C992800879257 /* Supporting Files */ = {
			isa = PBXGroup;
			children = (
				736123C91B2C992800879257 /* Info.plist */,
			);
			name = "Supporting Files";
			sourceTree = "<group>";
		};
		736123D81B2C992800879257 /* Challenge2and3Tests */ = {
			isa = PBXGroup;
			children = (
				736123DB1B2C992800879257 /* Challenge2and3Tests.swift */,
				736123D91B2C992800879257 /* Supporting Files */,
			);
			path = Challenge2and3Tests;
			sourceTree = "<group>";
		};
		736123D91B2C992800879257 /* Supporting Files */ = {
			isa = PBXGroup;
			children = (
				736123DA1B2C992800879257 /* Info.plist */,
			);
			name = "Supporting Files";
			sourceTree = "<group>";
		};
/* End PBXGroup section */

/* Begin PBXNativeTarget section */
		736123C41B2C992800879257 /* Challenge2and3 */ = {
			isa = PBXNativeTarget;
			buildConfigurationList = 736123DF1B2C992800879257 /* Build configuration list for PBXNativeTarget "Challenge2and3" */;
			buildPhases = (
				736123C11B2C992800879257 /* Sources */,
				736123C21B2C992800879257 /* Frameworks */,
				736123C31B2C992800879257 /* Resources */,
			);
			buildRules = (
			);
			dependencies = (
			);
			name = Challenge2and3;
			productName = Challenge2and3;
			productReference = 736123C51B2C992800879257 /* Challenge2and3.app */;
			productType = "com.apple.product-type.application";
		};
		736123D41B2C992800879257 /* Challenge2and3Tests */ = {
			isa = PBXNativeTarget;
			buildConfigurationList = 736123E21B2C992800879257 /* Build configuration list for PBXNativeTarget "Challenge2and3Tests" */;
			buildPhases = (
				736123D11B2C992800879257 /* Sources */,
				736123D21B2C992800879257 /* Frameworks */,
				736123D31B2C992800879257 /* Resources */,
			);
			buildRules = (
			);
			dependencies = (
				736123D71B2C992800879257 /* PBXTargetDependency */,
			);
			name = Challenge2and3Tests;
			productName = Challenge2and3Tests;
			productReference = 736123D51B2C992800879257 /* Challenge2and3Tests.xctest */;
			productType = "com.apple.product-type.bundle.unit-test";
		};
/* End PBXNativeTarget section */

/* Begin PBXProject section */
		736123BD1B2C992800879257 /* Project object */ = {
			isa = PBXProject;
			attributes = {
				LastUpgradeCheck = 0630;
				ORGANIZATIONNAME = "Eliot Colinet";
				TargetAttributes = {
					736123C41B2C992800879257 = {
						CreatedOnToolsVersion = 6.3.1;
					};
					736123D41B2C992800879257 = {
						CreatedOnToolsVersion = 6.3.1;
						TestTargetID = 736123C41B2C992800879257;
					};
				};
			};
			buildConfigurationList = 736123C01B2C992800879257 /* Build configuration list for PBXProject "Challenge2and3" */;
			compatibilityVersion = "Xcode 3.2";
			developmentRegion = English;
			hasScannedForEncodings = 0;
			knownRegions = (
				en,
				Base,
			);
			mainGroup = 736123BC1B2C992800879257;
			productRefGroup = 736123C61B2C992800879257 /* Products */;
			projectDirPath = "";
			projectRoot = "";
			targets = (
				736123C41B2C992800879257 /* Challenge2and3 */,
				736123D41B2C992800879257 /* Challenge2and3Tests */,
			);
		};
/* End PBXProject section */

/* Begin PBXResourcesBuildPhase section */
		736123C31B2C992800879257 /* Resources */ = {
			isa = PBXResourcesBuildPhase;
			buildActionMask = 2147483647;
			files = (
				736123D01B2C992800879257 /* LaunchScreen.xib in Resources */,
				736123CD1B2C992800879257 /* Images.xcassets in Resources */,
			);
			runOnlyForDeploymentPostprocessing = 0;
		};
		736123D31B2C992800879257 /* Resources */ = {
			isa = PBXResourcesBuildPhase;
			buildActionMask = 2147483647;
			files = (
			);
			runOnlyForDeploymentPostprocessing = 0;
		};
/* End PBXResourcesBuildPhase section */

/* Begin PBXSourcesBuildPhase section */
		736123C11B2C992800879257 /* Sources */ = {
			isa = PBXSourcesBuildPhase;
			buildActionMask = 2147483647;
			files = (
				736123EA1B2C994000879257 /* C2IntroVC.swift in Sources */,
				736123F51B2C998700879257 /* GSintroVC.swift in Sources */,
				736123FB1B2C998700879257 /* TrakteerCheckVC.swift in Sources */,
				736123FA1B2C998700879257 /* TrakteerUitlegVC.swift in Sources */,
				736123F71B2C998700879257 /* Badge3VC.swift in Sources */,
				736123FC1B2C998700879257 /* TrakteerRandomVC.swift in Sources */,
				736123EB1B2C994000879257 /* C2UitlegVC.swift in Sources */,
				736123E91B2C994000879257 /* AppDelegate.swift in Sources */,
				736123F91B2C998700879257 /* TrakteerIntroVC.swift in Sources */,
				736123EC1B2C994000879257 /* Badge2VC.swift in Sources */,
				736123F81B2C998700879257 /* SRWebClient.swift in Sources */,
				736123F61B2C998700879257 /* GScheckVC.swift in Sources */,
			);
			runOnlyForDeploymentPostprocessing = 0;
		};
		736123D11B2C992800879257 /* Sources */ = {
			isa = PBXSourcesBuildPhase;
			buildActionMask = 2147483647;
			files = (
				736123DC1B2C992800879257 /* Challenge2and3Tests.swift in Sources */,
			);
			runOnlyForDeploymentPostprocessing = 0;
		};
/* End PBXSourcesBuildPhase section */

/* Begin PBXTargetDependency section */
		736123D71B2C992800879257 /* PBXTargetDependency */ = {
			isa = PBXTargetDependency;
			target = 736123C41B2C992800879257 /* Challenge2and3 */;
			targetProxy = 736123D61B2C992800879257 /* PBXContainerItemProxy */;
		};
/* End PBXTargetDependency section */

/* Begin PBXVariantGroup section */
		736123CE1B2C992800879257 /* LaunchScreen.xib */ = {
			isa = PBXVariantGroup;
			children = (
				736123CF1B2C992800879257 /* Base */,
			);
			name = LaunchScreen.xib;
			sourceTree = "<group>";
		};
/* End PBXVariantGroup section */

/* Begin XCBuildConfiguration section */
		736123DD1B2C992800879257 /* Debug */ = {
			isa = XCBuildConfiguration;
			buildSettings = {
				ALWAYS_SEARCH_USER_PATHS = NO;
				CLANG_CXX_LANGUAGE_STANDARD = "gnu++0x";
				CLANG_CXX_LIBRARY = "libc++";
				CLANG_ENABLE_MODULES = YES;
				CLANG_ENABLE_OBJC_ARC = YES;
				CLANG_WARN_BOOL_CONVERSION = YES;
				CLANG_WARN_CONSTANT_CONVERSION = YES;
				CLANG_WARN_DIRECT_OBJC_ISA_USAGE = YES_ERROR;
				CLANG_WARN_EMPTY_BODY = YES;
				CLANG_WARN_ENUM_CONVERSION = YES;
				CLANG_WARN_INT_CONVERSION = YES;
				CLANG_WARN_OBJC_ROOT_CLASS = YES_ERROR;
				CLANG_WARN_UNREACHABLE_CODE = YES;
				CLANG_WARN__DUPLICATE_METHOD_MATCH = YES;
				"CODE_SIGN_IDENTITY[sdk=iphoneos*]" = "iPhone Developer";
				COPY_PHASE_STRIP = NO;
				DEBUG_INFORMATION_FORMAT = "dwarf-with-dsym";
				ENABLE_STRICT_OBJC_MSGSEND = YES;
				GCC_C_LANGUAGE_STANDARD = gnu99;
				GCC_DYNAMIC_NO_PIC = NO;
				GCC_NO_COMMON_BLOCKS = YES;
				GCC_OPTIMIZATION_LEVEL = 0;
				GCC_PREPROCESSOR_DEFINITIONS = (
					"DEBUG=1",
					"$(inherited)",
				);
				GCC_SYMBOLS_PRIVATE_EXTERN = NO;
				GCC_WARN_64_TO_32_BIT_CONVERSION = YES;
				GCC_WARN_ABOUT_RETURN_TYPE = YES_ERROR;
				GCC_WARN_UNDECLARED_SELECTOR = YES;
				GCC_WARN_UNINITIALIZED_AUTOS = YES_AGGRESSIVE;
				GCC_WARN_UNUSED_FUNCTION = YES;
				GCC_WARN_UNUSED_VARIABLE = YES;
				IPHONEOS_DEPLOYMENT_TARGET = 8.3;
				MTL_ENABLE_DEBUG_INFO = YES;
				ONLY_ACTIVE_ARCH = YES;
				SDKROOT = iphoneos;
				SWIFT_OPTIMIZATION_LEVEL = "-Onone";
			};
			name = Debug;
		};
		736123DE1B2C992800879257 /* Release */ = {
			isa = XCBuildConfiguration;
			buildSettings = {
				ALWAYS_SEARCH_USER_PATHS = NO;
				CLANG_CXX_LANGUAGE_STANDARD = "gnu++0x";
				CLANG_CXX_LIBRARY = "libc++";
				CLANG_ENABLE_MODULES = YES;
				CLANG_ENABLE_OBJC_ARC = YES;
				CLANG_WARN_BOOL_CONVERSION = YES;
				CLANG_WARN_CONSTANT_CONVERSION = YES;
				CLANG_WARN_DIRECT_OBJC_ISA_USAGE = YES_ERROR;
				CLANG_WARN_EMPTY_BODY = YES;
				CLANG_WARN_ENUM_CONVERSION = YES;
				CLANG_WARN_INT_CONVERSION = YES;
				CLANG_WARN_OBJC_ROOT_CLASS = YES_ERROR;
				CLANG_WARN_UNREACHABLE_CODE = YES;
				CLANG_WARN__DUPLICATE_METHOD_MATCH = YES;
				"CODE_SIGN_IDENTITY[sdk=iphoneos*]" = "iPhone Developer";
				COPY_PHASE_STRIP = NO;
				DEBUG_INFORMATION_FORMAT = "dwarf-with-dsym";
				ENABLE_NS_ASSERTIONS = NO;
				ENABLE_STRICT_OBJC_MSGSEND = YES;
				GCC_C_LANGUAGE_STANDARD = gnu99;
				GCC_NO_COMMON_BLOCKS = YES;
				GCC_WARN_64_TO_32_BIT_CONVERSION = YES;
				GCC_WARN_ABOUT_RETURN_TYPE = YES_ERROR;
				GCC_WARN_UNDECLARED_SELECTOR = YES;
				GCC_WARN_UNINITIALIZED_AUTOS = YES_AGGRESSIVE;
				GCC_WARN_UNUSED_FUNCTION = YES;
				GCC_WARN_UNUSED_VARIABLE = YES;
				IPHONEOS_DEPLOYMENT_TARGET = 8.3;
				MTL_ENABLE_DEBUG_INFO = NO;
				SDKROOT = iphoneos;
				VALIDATE_PRODUCT = YES;
			};
			name = Release;
		};
		736123E01B2C992800879257 /* Debug */ = {
			isa = XCBuildConfiguration;
			buildSettings = {
				ASSETCATALOG_COMPILER_APPICON_NAME = AppIcon;
				CLANG_ENABLE_MODULES = YES;
				INFOPLIST_FILE = Challenge2and3/Info.plist;
				LD_RUNPATH_SEARCH_PATHS = "$(inherited) @executable_path/Frameworks";
				PRODUCT_NAME = "$(TARGET_NAME)";
				SWIFT_OPTIMIZATION_LEVEL = "-Onone";
			};
			name = Debug;
		};
		736123E11B2C992800879257 /* Release */ = {
			isa = XCBuildConfiguration;
			buildSettings = {
				ASSETCATALOG_COMPILER_APPICON_NAME = AppIcon;
				CLANG_ENABLE_MODULES = YES;
				INFOPLIST_FILE = Challenge2and3/Info.plist;
				LD_RUNPATH_SEARCH_PATHS = "$(inherited) @executable_path/Frameworks";
				PRODUCT_NAME = "$(TARGET_NAME)";
			};
			name = Release;
		};
		736123E31B2C992800879257 /* Debug */ = {
			isa = XCBuildConfiguration;
			buildSettings = {
				BUNDLE_LOADER = "$(TEST_HOST)";
				FRAMEWORK_SEARCH_PATHS = (
					"$(SDKROOT)/Developer/Library/Frameworks",
					"$(inherited)",
				);
				GCC_PREPROCESSOR_DEFINITIONS = (
					"DEBUG=1",
					"$(inherited)",
				);
				INFOPLIST_FILE = Challenge2and3Tests/Info.plist;
				LD_RUNPATH_SEARCH_PATHS = "$(inherited) @executable_path/Frameworks @loader_path/Frameworks";
				PRODUCT_NAME = "$(TARGET_NAME)";
				TEST_HOST = "$(BUILT_PRODUCTS_DIR)/Challenge2and3.app/Challenge2and3";
			};
			name = Debug;
		};
		736123E41B2C992800879257 /* Release */ = {
			isa = XCBuildConfiguration;
			buildSettings = {
				BUNDLE_LOADER = "$(TEST_HOST)";
				FRAMEWORK_SEARCH_PATHS = (
					"$(SDKROOT)/Developer/Library/Frameworks",
					"$(inherited)",
				);
				INFOPLIST_FILE = Challenge2and3Tests/Info.plist;
				LD_RUNPATH_SEARCH_PATHS = "$(inherited) @executable_path/Frameworks @loader_path/Frameworks";
				PRODUCT_NAME = "$(TARGET_NAME)";
				TEST_HOST = "$(BUILT_PRODUCTS_DIR)/Challenge2and3.app/Challenge2and3";
			};
			name = Release;
		};
/* End XCBuildConfiguration section */

/* Begin XCConfigurationList section */
		736123C01B2C992800879257 /* Build configuration list for PBXProject "Challenge2and3" */ = {
			isa = XCConfigurationList;
			buildConfigurations = (
				736123DD1B2C992800879257 /* Debug */,
				736123DE1B2C992800879257 /* Release */,
			);
			defaultConfigurationIsVisible = 0;
			defaultConfigurationName = Release;
		};
		736123DF1B2C992800879257 /* Build configuration list for PBXNativeTarget "Challenge2and3" */ = {
			isa = XCConfigurationList;
			buildConfigurations = (
				736123E01B2C992800879257 /* Debug */,
				736123E11B2C992800879257 /* Release */,
			);
			defaultConfigurationIsVisible = 0;
			defaultConfigurationName = Release;
		};
		736123E21B2C992800879257 /* Build configuration list for PBXNativeTarget "Challenge2and3Tests" */ = {
			isa = XCConfigurationList;
			buildConfigurations = (
				736123E31B2C992800879257 /* Debug */,
				736123E41B2C992800879257 /* Release */,
			);
			defaultConfigurationIsVisible = 0;
			defaultConfigurationName = Release;
		};
/* End XCConfigurationList section */
	};
	rootObject = 736123BD1B2C992800879257 /* Project object */;
}
